
Microsoft Visual Studio Solution File, Format Version 12.00
# Visual Studio 15
VisualStudioVersion = 15.0.28307.168
MinimumVisualStudioVersion = 10.0.40219.1
Project("{FAE04EC0-301F-11D3-BF4B-00C04F79EFBC}") = "PaystackDirectDebit", "PaystackDirectDebit\PaystackDirectDebit.csproj", "{588D20E0-BEE3-490D-98C6-67687B58FF62}"
EndProject
Project("{FAE04EC0-301F-11D3-BF4B-00C04F79EFBC}") = "App.Domain", "App.Domain\App.Domain.csproj", "{3000B26B-13F9-4938-93F9-8C5577D357A0}"
EndProject
Project("{FAE04EC0-301F-11D3-BF4B-00C04F79EFBC}") = "App.Repo", "App.Repo\App.Repo.csproj", "{6782A118-E8CC-4672-A4AA-AC1B65391E7C}"
EndProject
Global
	GlobalSection(SolutionConfigurationPlatforms) = preSolution
		Debug|Any CPU = Debug|Any CPU
		Release|Any CPU = Release|Any CPU
	EndGlobalSection
	GlobalSection(ProjectConfigurationPlatforms) = postSolution
		{588D20E0-BEE3-490D-98C6-67687B58FF62}.Debug|Any CPU.ActiveCfg = Debug|Any CPU
		{588D20E0-BEE3-490D-98C6-67687B58FF62}.Debug|Any CPU.Build.0 = Debug|Any CPU
		{588D20E0-BEE3-490D-98C6-67687B58FF62}.Release|Any CPU.ActiveCfg = Release|Any CPU
		{588D20E0-BEE3-490D-98C6-67687B58FF62}.Release|Any CPU.Build.0 = Release|Any CPU
		{3000B26B-13F9-4938-93F9-8C5577D357A0}.Debug|Any CPU.ActiveCfg = Debug|Any CPU
		{3000B26B-13F9-4938-93F9-8C5577D357A0}.Debug|Any CPU.Build.0 = Debug|Any CPU
		{3000B26B-13F9-4938-93F9-8C5577D357A0}.Release|Any CPU.ActiveCfg = Release|Any CPU
		{3000B26B-13F9-4938-93F9-8C5577D357A0}.Release|Any CPU.Build.0 = Release|Any CPU
		{6782A118-E8CC-4672-A4AA-AC1B65391E7C}.Debug|Any CPU.ActiveCfg = Debug|Any CPU
		{6782A118-E8CC-4672-A4AA-AC1B65391E7C}.Debug|Any CPU.Build.0 = Debug|Any CPU
		{6782A118-E8CC-4672-A4AA-AC1B65391E7C}.Release|Any CPU.ActiveCfg = Release|Any CPU
		{6782A118-E8CC-4672-A4AA-AC1B65391E7C}.Release|Any CPU.Build.0 = Release|Any CPU
	EndGlobalSection
	GlobalSection(SolutionProperties) = preSolution
		HideSolutionNode = FALSE
	EndGlobalSection
	GlobalSection(ExtensibilityGlobals) = postSolution
		SolutionGuid = {4E6E9B19-5519-4D76-B530-BFCEFF37401E}
	EndGlobalSection
EndGlobal
